<?xml version="1.0" encoding="utf-8"?>
<Project ToolsVersion="4.0" xmlns="http://schemas.microsoft.com/developer/msbuild/2003">
  <ItemGroup>
    <Filter Include="Source Files">
      <UniqueIdentifier>{4FC737F1-C7A5-4376-A066-2A32D752A2FF}</UniqueIdentifier>
      <Extensions>cpp;c;cc;cxx;c++;cppm;ixx;def;odl;idl;hpj;bat;asm;asmx</Extensions>
    </Filter>
    <Filter Include="Header Files">
      <UniqueIdentifier>{93995380-89BD-4b04-88EB-625FBE52EBFB}</UniqueIdentifier>
      <Extensions>h;hh;hpp;hxx;h++;hm;inl;inc;ipp;xsd</Extensions>
    </Filter>
    <Filter Include="Resource Files">
      <UniqueIdentifier>{67DA6AB6-F800-4c08-8B7A-83BB121AAD01}</UniqueIdentifier>
      <Extensions>rc;ico;cur;bmp;dlg;rc2;rct;bin;rgs;gif;jpg;jpeg;jpe;resx;tiff;tif;png;wav;mfcribbon-ms</Extensions>
    </Filter>
    <Filter Include="Header Files\MDS">
      <UniqueIdentifier>{62241d8d-c1c1-403d-bc72-0159d74b2b77}</UniqueIdentifier>
    </Filter>
    <Filter Include="Header Files\Common">
      <UniqueIdentifier>{bb5a95b4-d075-4882-9c26-0fbe04b77163}</UniqueIdentifier>
    </Filter>
    <Filter Include="Header Files\View">
      <UniqueIdentifier>{d883b29b-afbb-4052-bce6-05a96b0f9418}</UniqueIdentifier>
    </Filter>
  </ItemGroup>
  <ItemGroup>
    <ClCompile Include="MultidimensionalScreensaver.cpp">
      <Filter>Source Files</Filter>
    </ClCompile>
    <ClCompile Include="Simplex.cpp">
      <Filter>Source Files</Filter>
    </ClCompile>
    <ClCompile Include="Shape.cpp">
      <Filter>Source Files</Filter>
    </ClCompile>
    <ClCompile Include="Tools.cpp">
      <Filter>Source Files</Filter>
    </ClCompile>
    <ClCompile Include="Hypercube.cpp">
      <Filter>Source Files</Filter>
    </ClCompile>
    <ClCompile Include="MDS.cpp">
      <Filter>Source Files</Filter>
    </ClCompile>
    <ClCompile Include="OptimizationMethod.cpp">
      <Filter>Source Files</Filter>
    </ClCompile>
    <ClCompile Include="Solution.cpp">
      <Filter>Source Files</Filter>
    </ClCompile>
    <ClCompile Include="GradientDescent.cpp">
      <Filter>Source Files</Filter>
    </ClCompile>
    <ClCompile Include="Visualization.cpp">
      <Filter>Source Files</Filter>
    </ClCompile>
    <ClCompile Include="Simulation.cpp">
      <Filter>Source Files</Filter>
    </ClCompile>
  </ItemGroup>
  <ItemGroup>
    <None Include="packages.config" />
  </ItemGroup>
  <ItemGroup>
    <ClInclude Include="MultidimensionalScreensaver.h">
      <Filter>Header Files</Filter>
    </ClInclude>
    <ClInclude Include="GradientDescent.h">
      <Filter>Header Files\MDS</Filter>
    </ClInclude>
    <ClInclude Include="Hypercube.h">
      <Filter>Header Files\MDS</Filter>
    </ClInclude>
    <ClInclude Include="MDS.h">
      <Filter>Header Files\MDS</Filter>
    </ClInclude>
    <ClInclude Include="OptimizationMethod.h">
      <Filter>Header Files\MDS</Filter>
    </ClInclude>
    <ClInclude Include="Shape.h">
      <Filter>Header Files\MDS</Filter>
    </ClInclude>
    <ClInclude Include="Simplex.h">
      <Filter>Header Files\MDS</Filter>
    </ClInclude>
    <ClInclude Include="Solution.h">
      <Filter>Header Files\MDS</Filter>
    </ClInclude>
    <ClInclude Include="Tools.h">
      <Filter>Header Files\Common</Filter>
    </ClInclude>
    <ClInclude Include="Visualization.h">
      <Filter>Header Files\View</Filter>
    </ClInclude>
    <ClInclude Include="Simulation.h">
      <Filter>Header Files\MDS</Filter>
    </ClInclude>
  </ItemGroup>
</Project>